
Microsoft Visual Studio Solution File, Format Version 12.00
# Visual Studio Version 17
VisualStudioVersion = 17.9.34728.123
MinimumVisualStudioVersion = 10.0.40219.1
Project("{FAE04EC0-301F-11D3-BF4B-00C04F79EFBC}") = "CadenasYBucles", "CadenasYBucles.csproj", "{C1CBC04C-4EDB-44AC-B2ED-5F015304BC7C}"
EndProject
Project("{FAE04EC0-301F-11D3-BF4B-00C04F79EFBC}") = "ConsoleApp1", "..\ConsoleApp1\ConsoleApp1.csproj", "{828A9678-72A5-4A63-93E0-0B4D51E0A0F3}"
EndProject
Project("{FAE04EC0-301F-11D3-BF4B-00C04F79EFBC}") = "ValidarPass", "..\ValidarPass\ValidarPass.csproj", "{3776115A-4787-4F31-8B65-A76DB11655A8}"
EndProject
Global
	GlobalSection(SolutionConfigurationPlatforms) = preSolution
		Debug|Any CPU = Debug|Any CPU
		Release|Any CPU = Release|Any CPU
	EndGlobalSection
	GlobalSection(ProjectConfigurationPlatforms) = postSolution
		{C1CBC04C-4EDB-44AC-B2ED-5F015304BC7C}.Debug|Any CPU.ActiveCfg = Debug|Any CPU
		{C1CBC04C-4EDB-44AC-B2ED-5F015304BC7C}.Debug|Any CPU.Build.0 = Debug|Any CPU
		{C1CBC04C-4EDB-44AC-B2ED-5F015304BC7C}.Release|Any CPU.ActiveCfg = Release|Any CPU
		{C1CBC04C-4EDB-44AC-B2ED-5F015304BC7C}.Release|Any CPU.Build.0 = Release|Any CPU
		{828A9678-72A5-4A63-93E0-0B4D51E0A0F3}.Debug|Any CPU.ActiveCfg = Debug|Any CPU
		{828A9678-72A5-4A63-93E0-0B4D51E0A0F3}.Debug|Any CPU.Build.0 = Debug|Any CPU
		{828A9678-72A5-4A63-93E0-0B4D51E0A0F3}.Release|Any CPU.ActiveCfg = Release|Any CPU
		{828A9678-72A5-4A63-93E0-0B4D51E0A0F3}.Release|Any CPU.Build.0 = Release|Any CPU
		{3776115A-4787-4F31-8B65-A76DB11655A8}.Debug|Any CPU.ActiveCfg = Debug|Any CPU
		{3776115A-4787-4F31-8B65-A76DB11655A8}.Debug|Any CPU.Build.0 = Debug|Any CPU
		{3776115A-4787-4F31-8B65-A76DB11655A8}.Release|Any CPU.ActiveCfg = Release|Any CPU
		{3776115A-4787-4F31-8B65-A76DB11655A8}.Release|Any CPU.Build.0 = Release|Any CPU
	EndGlobalSection
	GlobalSection(SolutionProperties) = preSolution
		HideSolutionNode = FALSE
	EndGlobalSection
	GlobalSection(ExtensibilityGlobals) = postSolution
		SolutionGuid = {C99489A2-53C9-4F00-97F5-46382EAC3572}
	EndGlobalSection
EndGlobal
