
Microsoft Visual Studio Solution File, Format Version 12.00
# Visual Studio Version 17
VisualStudioVersion = 17.9.34728.123
MinimumVisualStudioVersion = 10.0.40219.1
Project("{FAE04EC0-301F-11D3-BF4B-00C04F79EFBC}") = "App1", "App1.csproj", "{3B3F3DF4-B7E7-422C-B2D5-BD430D362E73}"
EndProject
Global
	GlobalSection(SolutionConfigurationPlatforms) = preSolution
		Debug|Any CPU = Debug|Any CPU
		Release|Any CPU = Release|Any CPU
	EndGlobalSection
	GlobalSection(ProjectConfigurationPlatforms) = postSolution
		{3B3F3DF4-B7E7-422C-B2D5-BD430D362E73}.Debug|Any CPU.ActiveCfg = Debug|Any CPU
		{3B3F3DF4-B7E7-422C-B2D5-BD430D362E73}.Debug|Any CPU.Build.0 = Debug|Any CPU
		{3B3F3DF4-B7E7-422C-B2D5-BD430D362E73}.Release|Any CPU.ActiveCfg = Release|Any CPU
		{3B3F3DF4-B7E7-422C-B2D5-BD430D362E73}.Release|Any CPU.Build.0 = Release|Any CPU
	EndGlobalSection
	GlobalSection(SolutionProperties) = preSolution
		HideSolutionNode = FALSE
	EndGlobalSection
	GlobalSection(ExtensibilityGlobals) = postSolution
		SolutionGuid = {3BE49F82-B1DB-4DE9-9A5F-816BF99AF2F6}
	EndGlobalSection
EndGlobal
