
Microsoft Visual Studio Solution File, Format Version 12.00
# Visual Studio Version 17
VisualStudioVersion = 17.9.34728.123
MinimumVisualStudioVersion = 10.0.40219.1
Project("{FAE04EC0-301F-11D3-BF4B-00C04F79EFBC}") = "ejemplo01", "ejemplo01.csproj", "{BF0469AA-9755-45F5-857F-A74DA0987751}"
EndProject
Project("{FAE04EC0-301F-11D3-BF4B-00C04F79EFBC}") = "ValidarPassConFuncion", "..\ValidarPassConFuncion\ValidarPassConFuncion.csproj", "{8844BFFD-7F1F-452E-A7CE-F43EE58E3C33}"
EndProject
Project("{FAE04EC0-301F-11D3-BF4B-00C04F79EFBC}") = "ActividadDeVenta", "..\ActividadDeVenta\ActividadDeVenta.csproj", "{E51D274A-FB97-4A80-BF8A-84E129935406}"
EndProject
Global
	GlobalSection(SolutionConfigurationPlatforms) = preSolution
		Debug|Any CPU = Debug|Any CPU
		Release|Any CPU = Release|Any CPU
	EndGlobalSection
	GlobalSection(ProjectConfigurationPlatforms) = postSolution
		{BF0469AA-9755-45F5-857F-A74DA0987751}.Debug|Any CPU.ActiveCfg = Debug|Any CPU
		{BF0469AA-9755-45F5-857F-A74DA0987751}.Debug|Any CPU.Build.0 = Debug|Any CPU
		{BF0469AA-9755-45F5-857F-A74DA0987751}.Release|Any CPU.ActiveCfg = Release|Any CPU
		{BF0469AA-9755-45F5-857F-A74DA0987751}.Release|Any CPU.Build.0 = Release|Any CPU
		{8844BFFD-7F1F-452E-A7CE-F43EE58E3C33}.Debug|Any CPU.ActiveCfg = Debug|Any CPU
		{8844BFFD-7F1F-452E-A7CE-F43EE58E3C33}.Debug|Any CPU.Build.0 = Debug|Any CPU
		{8844BFFD-7F1F-452E-A7CE-F43EE58E3C33}.Release|Any CPU.ActiveCfg = Release|Any CPU
		{8844BFFD-7F1F-452E-A7CE-F43EE58E3C33}.Release|Any CPU.Build.0 = Release|Any CPU
		{E51D274A-FB97-4A80-BF8A-84E129935406}.Debug|Any CPU.ActiveCfg = Debug|Any CPU
		{E51D274A-FB97-4A80-BF8A-84E129935406}.Debug|Any CPU.Build.0 = Debug|Any CPU
		{E51D274A-FB97-4A80-BF8A-84E129935406}.Release|Any CPU.ActiveCfg = Release|Any CPU
		{E51D274A-FB97-4A80-BF8A-84E129935406}.Release|Any CPU.Build.0 = Release|Any CPU
	EndGlobalSection
	GlobalSection(SolutionProperties) = preSolution
		HideSolutionNode = FALSE
	EndGlobalSection
	GlobalSection(ExtensibilityGlobals) = postSolution
		SolutionGuid = {73BE0A86-867C-4CD1-9B67-8E02E45DF0F1}
	EndGlobalSection
EndGlobal
